// !$*UTF8*$!
{
	archiveVersion = 1;
	classes = {
	};
	objectVersion = 56;
	objects = {

/* Begin PBXBuildFile section */
		568048A12CCBF0CA00AA07E7 /* AppDelegate.swift in Sources */ = {isa = PBXBuildFile; fileRef = 568048A02CCBF0CA00AA07E7 /* AppDelegate.swift */; };
		568048A32CCBF0CA00AA07E7 /* SceneDelegate.swift in Sources */ = {isa = PBXBuildFile; fileRef = 568048A22CCBF0CA00AA07E7 /* SceneDelegate.swift */; };
		568048A52CCBF0CA00AA07E7 /* ViewController.swift in Sources */ = {isa = PBXBuildFile; fileRef = 568048A42CCBF0CA00AA07E7 /* ViewController.swift */; };
		568048A82CCBF0CA00AA07E7 /* Main.storyboard in Resources */ = {isa = PBXBuildFile; fileRef = 568048A62CCBF0CA00AA07E7 /* Main.storyboard */; };
		568048AA2CCBF0CB00AA07E7 /* Assets.xcassets in Resources */ = {isa = PBXBuildFile; fileRef = 568048A92CCBF0CB00AA07E7 /* Assets.xcassets */; };
		568048AD2CCBF0CB00AA07E7 /* LaunchScreen.storyboard in Resources */ = {isa = PBXBuildFile; fileRef = 568048AB2CCBF0CB00AA07E7 /* LaunchScreen.storyboard */; };
		568048B82CCBF0CB00AA07E7 /* PenduTests.swift in Sources */ = {isa = PBXBuildFile; fileRef = 568048B72CCBF0CB00AA07E7 /* PenduTests.swift */; };
		568048C22CCBF0CB00AA07E7 /* PenduUITests.swift in Sources */ = {isa = PBXBuildFile; fileRef = 568048C12CCBF0CB00AA07E7 /* PenduUITests.swift */; };
		568048C42CCBF0CB00AA07E7 /* PenduUITestsLaunchTests.swift in Sources */ = {isa = PBXBuildFile; fileRef = 568048C32CCBF0CB00AA07E7 /* PenduUITestsLaunchTests.swift */; };
/* End PBXBuildFile section */

/* Begin PBXContainerItemProxy section */
		568048B42CCBF0CB00AA07E7 /* PBXContainerItemProxy */ = {
			isa = PBXContainerItemProxy;
			containerPortal = 568048952CCBF0CA00AA07E7 /* Project object */;
			proxyType = 1;
			remoteGlobalIDString = 5680489C2CCBF0CA00AA07E7;
			remoteInfo = Pendu;
		};
		568048BE2CCBF0CB00AA07E7 /* PBXContainerItemProxy */ = {
			isa = PBXContainerItemProxy;
			containerPortal = 568048952CCBF0CA00AA07E7 /* Project object */;
			proxyType = 1;
			remoteGlobalIDString = 5680489C2CCBF0CA00AA07E7;
			remoteInfo = Pendu;
		};
/* End PBXContainerItemProxy section */

/* Begin PBXFileReference section */
		5680489D2CCBF0CA00AA07E7 /* Pendu.app */ = {isa = PBXFileReference; explicitFileType = wrapper.application; includeInIndex = 0; path = Pendu.app; sourceTree = BUILT_PRODUCTS_DIR; };
		568048A02CCBF0CA00AA07E7 /* AppDelegate.swift */ = {isa = PBXFileReference; lastKnownFileType = sourcecode.swift; path = AppDelegate.swift; sourceTree = "<group>"; };
		568048A22CCBF0CA00AA07E7 /* SceneDelegate.swift */ = {isa = PBXFileReference; lastKnownFileType = sourcecode.swift; path = SceneDelegate.swift; sourceTree = "<group>"; };
		568048A42CCBF0CA00AA07E7 /* ViewController.swift */ = {isa = PBXFileReference; lastKnownFileType = sourcecode.swift; path = ViewController.swift; sourceTree = "<group>"; };
		568048A72CCBF0CA00AA07E7 /* Base */ = {isa = PBXFileReference; lastKnownFileType = file.storyboard; name = Base; path = Base.lproj/Main.storyboard; sourceTree = "<group>"; };
		568048A92CCBF0CB00AA07E7 /* Assets.xcassets */ = {isa = PBXFileReference; lastKnownFileType = folder.assetcatalog; path = Assets.xcassets; sourceTree = "<group>"; };
		568048AC2CCBF0CB00AA07E7 /* Base */ = {isa = PBXFileReference; lastKnownFileType = file.storyboard; name = Base; path = Base.lproj/LaunchScreen.storyboard; sourceTree = "<group>"; };
		568048AE2CCBF0CB00AA07E7 /* Info.plist */ = {isa = PBXFileReference; lastKnownFileType = text.plist.xml; path = Info.plist; sourceTree = "<group>"; };
		568048B32CCBF0CB00AA07E7 /* PenduTests.xctest */ = {isa = PBXFileReference; explicitFileType = wrapper.cfbundle; includeInIndex = 0; path = PenduTests.xctest; sourceTree = BUILT_PRODUCTS_DIR; };
		568048B72CCBF0CB00AA07E7 /* PenduTests.swift */ = {isa = PBXFileReference; lastKnownFileType = sourcecode.swift; path = PenduTests.swift; sourceTree = "<group>"; };
		568048BD2CCBF0CB00AA07E7 /* PenduUITests.xctest */ = {isa = PBXFileReference; explicitFileType = wrapper.cfbundle; includeInIndex = 0; path = PenduUITests.xctest; sourceTree = BUILT_PRODUCTS_DIR; };
		568048C12CCBF0CB00AA07E7 /* PenduUITests.swift */ = {isa = PBXFileReference; lastKnownFileType = sourcecode.swift; path = PenduUITests.swift; sourceTree = "<group>"; };
		568048C32CCBF0CB00AA07E7 /* PenduUITestsLaunchTests.swift */ = {isa = PBXFileReference; lastKnownFileType = sourcecode.swift; path = PenduUITestsLaunchTests.swift; sourceTree = "<group>"; };
/* End PBXFileReference section */

/* Begin PBXFrameworksBuildPhase section */
		5680489A2CCBF0CA00AA07E7 /* Frameworks */ = {
			isa = PBXFrameworksBuildPhase;
			buildActionMask = 2147483647;
			files = (
			);
			runOnlyForDeploymentPostprocessing = 0;
		};
		568048B02CCBF0CB00AA07E7 /* Frameworks */ = {
			isa = PBXFrameworksBuildPhase;
			buildActionMask = 2147483647;
			files = (
			);
			runOnlyForDeploymentPostprocessing = 0;
		};
		568048BA2CCBF0CB00AA07E7 /* Frameworks */ = {
			isa = PBXFrameworksBuildPhase;
			buildActionMask = 2147483647;
			files = (
			);
			runOnlyForDeploymentPostprocessing = 0;
		};
/* End PBXFrameworksBuildPhase section */

/* Begin PBXGroup section */
		568048942CCBF0CA00AA07E7 = {
			isa = PBXGroup;
			children = (
				5680489F2CCBF0CA00AA07E7 /* Pendu */,
				568048B62CCBF0CB00AA07E7 /* PenduTests */,
				568048C02CCBF0CB00AA07E7 /* PenduUITests */,
				5680489E2CCBF0CA00AA07E7 /* Products */,
			);
			sourceTree = "<group>";
		};
		5680489E2CCBF0CA00AA07E7 /* Products */ = {
			isa = PBXGroup;
			children = (
				5680489D2CCBF0CA00AA07E7 /* Pendu.app */,
				568048B32CCBF0CB00AA07E7 /* PenduTests.xctest */,
				568048BD2CCBF0CB00AA07E7 /* PenduUITests.xctest */,
			);
			name = Products;
			sourceTree = "<group>";
		};
		5680489F2CCBF0CA00AA07E7 /* Pendu */ = {
			isa = PBXGroup;
			children = (
				568048A02CCBF0CA00AA07E7 /* AppDelegate.swift */,
				568048A22CCBF0CA00AA07E7 /* SceneDelegate.swift */,
				568048A42CCBF0CA00AA07E7 /* ViewController.swift */,
				568048A62CCBF0CA00AA07E7 /* Main.storyboard */,
				568048A92CCBF0CB00AA07E7 /* Assets.xcassets */,
				568048AB2CCBF0CB00AA07E7 /* LaunchScreen.storyboard */,
				568048AE2CCBF0CB00AA07E7 /* Info.plist */,
			);
			path = Pendu;
			sourceTree = "<group>";
		};
		568048B62CCBF0CB00AA07E7 /* PenduTests */ = {
			isa = PBXGroup;
			children = (
				568048B72CCBF0CB00AA07E7 /* PenduTests.swift */,
			);
			path = PenduTests;
			sourceTree = "<group>";
		};
		568048C02CCBF0CB00AA07E7 /* PenduUITests */ = {
			isa = PBXGroup;
			children = (
				568048C12CCBF0CB00AA07E7 /* PenduUITests.swift */,
				568048C32CCBF0CB00AA07E7 /* PenduUITestsLaunchTests.swift */,
			);
			path = PenduUITests;
			sourceTree = "<group>";
		};
/* End PBXGroup section */

/* Begin PBXNativeTarget section */
		5680489C2CCBF0CA00AA07E7 /* Pendu */ = {
			isa = PBXNativeTarget;
			buildConfigurationList = 568048C72CCBF0CB00AA07E7 /* Build configuration list for PBXNativeTarget "Pendu" */;
			buildPhases = (
				568048992CCBF0CA00AA07E7 /* Sources */,
				5680489A2CCBF0CA00AA07E7 /* Frameworks */,
				5680489B2CCBF0CA00AA07E7 /* Resources */,
			);
			buildRules = (
			);
			dependencies = (
			);
			name = Pendu;
			productName = Pendu;
			productReference = 5680489D2CCBF0CA00AA07E7 /* Pendu.app */;
			productType = "com.apple.product-type.application";
		};
		568048B22CCBF0CB00AA07E7 /* PenduTests */ = {
			isa = PBXNativeTarget;
			buildConfigurationList = 568048CA2CCBF0CB00AA07E7 /* Build configuration list for PBXNativeTarget "PenduTests" */;
			buildPhases = (
				568048AF2CCBF0CB00AA07E7 /* Sources */,
				568048B02CCBF0CB00AA07E7 /* Frameworks */,
				568048B12CCBF0CB00AA07E7 /* Resources */,
			);
			buildRules = (
			);
			dependencies = (
				568048B52CCBF0CB00AA07E7 /* PBXTargetDependency */,
			);
			name = PenduTests;
			productName = PenduTests;
			productReference = 568048B32CCBF0CB00AA07E7 /* PenduTests.xctest */;
			productType = "com.apple.product-type.bundle.unit-test";
		};
		568048BC2CCBF0CB00AA07E7 /* PenduUITests */ = {
			isa = PBXNativeTarget;
			buildConfigurationList = 568048CD2CCBF0CB00AA07E7 /* Build configuration list for PBXNativeTarget "PenduUITests" */;
			buildPhases = (
				568048B92CCBF0CB00AA07E7 /* Sources */,
				568048BA2CCBF0CB00AA07E7 /* Frameworks */,
				568048BB2CCBF0CB00AA07E7 /* Resources */,
			);
			buildRules = (
			);
			dependencies = (
				568048BF2CCBF0CB00AA07E7 /* PBXTargetDependency */,
			);
			name = PenduUITests;
			productName = PenduUITests;
			productReference = 568048BD2CCBF0CB00AA07E7 /* PenduUITests.xctest */;
			productType = "com.apple.product-type.bundle.ui-testing";
		};
/* End PBXNativeTarget section */

/* Begin PBXProject section */
		568048952CCBF0CA00AA07E7 /* Project object */ = {
			isa = PBXProject;
			attributes = {
				BuildIndependentTargetsInParallel = 1;
				LastSwiftUpdateCheck = 1430;
				LastUpgradeCheck = 1430;
				TargetAttributes = {
					5680489C2CCBF0CA00AA07E7 = {
						CreatedOnToolsVersion = 14.3;
					};
					568048B22CCBF0CB00AA07E7 = {
						CreatedOnToolsVersion = 14.3;
						TestTargetID = 5680489C2CCBF0CA00AA07E7;
					};
					568048BC2CCBF0CB00AA07E7 = {
						CreatedOnToolsVersion = 14.3;
						TestTargetID = 5680489C2CCBF0CA00AA07E7;
					};
				};
			};
			buildConfigurationList = 568048982CCBF0CA00AA07E7 /* Build configuration list for PBXProject "Pendu" */;
			compatibilityVersion = "Xcode 14.0";
			developmentRegion = en;
			hasScannedForEncodings = 0;
			knownRegions = (
				en,
				Base,
			);
			mainGroup = 568048942CCBF0CA00AA07E7;
			productRefGroup = 5680489E2CCBF0CA00AA07E7 /* Products */;
			projectDirPath = "";
			projectRoot = "";
			targets = (
				5680489C2CCBF0CA00AA07E7 /* Pendu */,
				568048B22CCBF0CB00AA07E7 /* PenduTests */,
				568048BC2CCBF0CB00AA07E7 /* PenduUITests */,
			);
		};
/* End PBXProject section */

/* Begin PBXResourcesBuildPhase section */
		5680489B2CCBF0CA00AA07E7 /* Resources */ = {
			isa = PBXResourcesBuildPhase;
			buildActionMask = 2147483647;
			files = (
				568048AD2CCBF0CB00AA07E7 /* LaunchScreen.storyboard in Resources */,
				568048AA2CCBF0CB00AA07E7 /* Assets.xcassets in Resources */,
				568048A82CCBF0CA00AA07E7 /* Main.storyboard in Resources */,
			);
			runOnlyForDeploymentPostprocessing = 0;
		};
		568048B12CCBF0CB00AA07E7 /* Resources */ = {
			isa = PBXResourcesBuildPhase;
			buildActionMask = 2147483647;
			files = (
			);
			runOnlyForDeploymentPostprocessing = 0;
		};
		568048BB2CCBF0CB00AA07E7 /* Resources */ = {
			isa = PBXResourcesBuildPhase;
			buildActionMask = 2147483647;
			files = (
			);
			runOnlyForDeploymentPostprocessing = 0;
		};
/* End PBXResourcesBuildPhase section */

/* Begin PBXSourcesBuildPhase section */
		568048992CCBF0CA00AA07E7 /* Sources */ = {
			isa = PBXSourcesBuildPhase;
			buildActionMask = 2147483647;
			files = (
				568048A52CCBF0CA00AA07E7 /* ViewController.swift in Sources */,
				568048A12CCBF0CA00AA07E7 /* AppDelegate.swift in Sources */,
				568048A32CCBF0CA00AA07E7 /* SceneDelegate.swift in Sources */,
			);
			runOnlyForDeploymentPostprocessing = 0;
		};
		568048AF2CCBF0CB00AA07E7 /* Sources */ = {
			isa = PBXSourcesBuildPhase;
			buildActionMask = 2147483647;
			files = (
				568048B82CCBF0CB00AA07E7 /* PenduTests.swift in Sources */,
			);
			runOnlyForDeploymentPostprocessing = 0;
		};
		568048B92CCBF0CB00AA07E7 /* Sources */ = {
			isa = PBXSourcesBuildPhase;
			buildActionMask = 2147483647;
			files = (
				568048C22CCBF0CB00AA07E7 /* PenduUITests.swift in Sources */,
				568048C42CCBF0CB00AA07E7 /* PenduUITestsLaunchTests.swift in Sources */,
			);
			runOnlyForDeploymentPostprocessing = 0;
		};
/* End PBXSourcesBuildPhase section */

/* Begin PBXTargetDependency section */
		568048B52CCBF0CB00AA07E7 /* PBXTargetDependency */ = {
			isa = PBXTargetDependency;
			target = 5680489C2CCBF0CA00AA07E7 /* Pendu */;
			targetProxy = 568048B42CCBF0CB00AA07E7 /* PBXContainerItemProxy */;
		};
		568048BF2CCBF0CB00AA07E7 /* PBXTargetDependency */ = {
			isa = PBXTargetDependency;
			target = 5680489C2CCBF0CA00AA07E7 /* Pendu */;
			targetProxy = 568048BE2CCBF0CB00AA07E7 /* PBXContainerItemProxy */;
		};
/* End PBXTargetDependency section */

/* Begin PBXVariantGroup section */
		568048A62CCBF0CA00AA07E7 /* Main.storyboard */ = {
			isa = PBXVariantGroup;
			children = (
				568048A72CCBF0CA00AA07E7 /* Base */,
			);
			name = Main.storyboard;
			sourceTree = "<group>";
		};
		568048AB2CCBF0CB00AA07E7 /* LaunchScreen.storyboard */ = {
			isa = PBXVariantGroup;
			children = (
				568048AC2CCBF0CB00AA07E7 /* Base */,
			);
			name = LaunchScreen.storyboard;
			sourceTree = "<group>";
		};
/* End PBXVariantGroup section */

/* Begin XCBuildConfiguration section */
		568048C52CCBF0CB00AA07E7 /* Debug */ = {
			isa = XCBuildConfiguration;
			buildSettings = {
				ALWAYS_SEARCH_USER_PATHS = NO;
				CLANG_ANALYZER_NONNULL = YES;
				CLANG_ANALYZER_NUMBER_OBJECT_CONVERSION = YES_AGGRESSIVE;
				CLANG_CXX_LANGUAGE_STANDARD = "gnu++20";
				CLANG_ENABLE_MODULES = YES;
				CLANG_ENABLE_OBJC_ARC = YES;
				CLANG_ENABLE_OBJC_WEAK = YES;
				CLANG_WARN_BLOCK_CAPTURE_AUTORELEASING = YES;
				CLANG_WARN_BOOL_CONVERSION = YES;
				CLANG_WARN_COMMA = YES;
				CLANG_WARN_CONSTANT_CONVERSION = YES;
				CLANG_WARN_DEPRECATED_OBJC_IMPLEMENTATIONS = YES;
				CLANG_WARN_DIRECT_OBJC_ISA_USAGE = YES_ERROR;
				CLANG_WARN_DOCUMENTATION_COMMENTS = YES;
				CLANG_WARN_EMPTY_BODY = YES;
				CLANG_WARN_ENUM_CONVERSION = YES;
				CLANG_WARN_INFINITE_RECURSION = YES;
				CLANG_WARN_INT_CONVERSION = YES;
				CLANG_WARN_NON_LITERAL_NULL_CONVERSION = YES;
				CLANG_WARN_OBJC_IMPLICIT_RETAIN_SELF = YES;
				CLANG_WARN_OBJC_LITERAL_CONVERSION = YES;
				CLANG_WARN_OBJC_ROOT_CLASS = YES_ERROR;
				CLANG_WARN_QUOTED_INCLUDE_IN_FRAMEWORK_HEADER = YES;
				CLANG_WARN_RANGE_LOOP_ANALYSIS = YES;
				CLANG_WARN_STRICT_PROTOTYPES = YES;
				CLANG_WARN_SUSPICIOUS_MOVE = YES;
				CLANG_WARN_UNGUARDED_AVAILABILITY = YES_AGGRESSIVE;
				CLANG_WARN_UNREACHABLE_CODE = YES;
				CLANG_WARN__DUPLICATE_METHOD_MATCH = YES;
				COPY_PHASE_STRIP = NO;
				DEBUG_INFORMATION_FORMAT = dwarf;
				ENABLE_STRICT_OBJC_MSGSEND = YES;
				ENABLE_TESTABILITY = YES;
				GCC_C_LANGUAGE_STANDARD = gnu11;
				GCC_DYNAMIC_NO_PIC = NO;
				GCC_NO_COMMON_BLOCKS = YES;
				GCC_OPTIMIZATION_LEVEL = 0;
				GCC_PREPROCESSOR_DEFINITIONS = (
					"DEBUG=1",
					"$(inherited)",
				);
				GCC_WARN_64_TO_32_BIT_CONVERSION = YES;
				GCC_WARN_ABOUT_RETURN_TYPE = YES_ERROR;
				GCC_WARN_UNDECLARED_SELECTOR = YES;
				GCC_WARN_UNINITIALIZED_AUTOS = YES_AGGRESSIVE;
				GCC_WARN_UNUSED_FUNCTION = YES;
				GCC_WARN_UNUSED_VARIABLE = YES;
				IPHONEOS_DEPLOYMENT_TARGET = 16.4;
				MTL_ENABLE_DEBUG_INFO = INCLUDE_SOURCE;
				MTL_FAST_MATH = YES;
				ONLY_ACTIVE_ARCH = YES;
				SDKROOT = iphoneos;
				SWIFT_ACTIVE_COMPILATION_CONDITIONS = DEBUG;
				SWIFT_OPTIMIZATION_LEVEL = "-Onone";
			};
			name = Debug;
		};
		568048C62CCBF0CB00AA07E7 /* Release */ = {
			isa = XCBuildConfiguration;
			buildSettings = {
				ALWAYS_SEARCH_USER_PATHS = NO;
				CLANG_ANALYZER_NONNULL = YES;
				CLANG_ANALYZER_NUMBER_OBJECT_CONVERSION = YES_AGGRESSIVE;
				CLANG_CXX_LANGUAGE_STANDARD = "gnu++20";
				CLANG_ENABLE_MODULES = YES;
				CLANG_ENABLE_OBJC_ARC = YES;
				CLANG_ENABLE_OBJC_WEAK = YES;
				CLANG_WARN_BLOCK_CAPTURE_AUTORELEASING = YES;
				CLANG_WARN_BOOL_CONVERSION = YES;
				CLANG_WARN_COMMA = YES;
				CLANG_WARN_CONSTANT_CONVERSION = YES;
				CLANG_WARN_DEPRECATED_OBJC_IMPLEMENTATIONS = YES;
				CLANG_WARN_DIRECT_OBJC_ISA_USAGE = YES_ERROR;
				CLANG_WARN_DOCUMENTATION_COMMENTS = YES;
				CLANG_WARN_EMPTY_BODY = YES;
				CLANG_WARN_ENUM_CONVERSION = YES;
				CLANG_WARN_INFINITE_RECURSION = YES;
				CLANG_WARN_INT_CONVERSION = YES;
				CLANG_WARN_NON_LITERAL_NULL_CONVERSION = YES;
				CLANG_WARN_OBJC_IMPLICIT_RETAIN_SELF = YES;
				CLANG_WARN_OBJC_LITERAL_CONVERSION = YES;
				CLANG_WARN_OBJC_ROOT_CLASS = YES_ERROR;
				CLANG_WARN_QUOTED_INCLUDE_IN_FRAMEWORK_HEADER = YES;
				CLANG_WARN_RANGE_LOOP_ANALYSIS = YES;
				CLANG_WARN_STRICT_PROTOTYPES = YES;
				CLANG_WARN_SUSPICIOUS_MOVE = YES;
				CLANG_WARN_UNGUARDED_AVAILABILITY = YES_AGGRESSIVE;
				CLANG_WARN_UNREACHABLE_CODE = YES;
				CLANG_WARN__DUPLICATE_METHOD_MATCH = YES;
				COPY_PHASE_STRIP = NO;
				DEBUG_INFORMATION_FORMAT = "dwarf-with-dsym";
				ENABLE_NS_ASSERTIONS = NO;
				ENABLE_STRICT_OBJC_MSGSEND = YES;
				GCC_C_LANGUAGE_STANDARD = gnu11;
				GCC_NO_COMMON_BLOCKS = YES;
				GCC_WARN_64_TO_32_BIT_CONVERSION = YES;
				GCC_WARN_ABOUT_RETURN_TYPE = YES_ERROR;
				GCC_WARN_UNDECLARED_SELECTOR = YES;
				GCC_WARN_UNINITIALIZED_AUTOS = YES_AGGRESSIVE;
				GCC_WARN_UNUSED_FUNCTION = YES;
				GCC_WARN_UNUSED_VARIABLE = YES;
				IPHONEOS_DEPLOYMENT_TARGET = 16.4;
				MTL_ENABLE_DEBUG_INFO = NO;
				MTL_FAST_MATH = YES;
				SDKROOT = iphoneos;
				SWIFT_COMPILATION_MODE = wholemodule;
				SWIFT_OPTIMIZATION_LEVEL = "-O";
				VALIDATE_PRODUCT = YES;
			};
			name = Release;
		};
		568048C82CCBF0CB00AA07E7 /* Debug */ = {
			isa = XCBuildConfiguration;
			buildSettings = {
				ASSETCATALOG_COMPILER_APPICON_NAME = AppIcon;
				ASSETCATALOG_COMPILER_GLOBAL_ACCENT_COLOR_NAME = AccentColor;
				CODE_SIGN_STYLE = Automatic;
				CURRENT_PROJECT_VERSION = 1;
				GENERATE_INFOPLIST_FILE = YES;
				INFOPLIST_FILE = Pendu/Info.plist;
				INFOPLIST_KEY_UIApplicationSupportsIndirectInputEvents = YES;
				INFOPLIST_KEY_UILaunchStoryboardName = LaunchScreen;
				INFOPLIST_KEY_UIMainStoryboardFile = Main;
				INFOPLIST_KEY_UISupportedInterfaceOrientations_iPad = "UIInterfaceOrientationPortrait UIInterfaceOrientationPortraitUpsideDown UIInterfaceOrientationLandscapeLeft UIInterfaceOrientationLandscapeRight";
				INFOPLIST_KEY_UISupportedInterfaceOrientations_iPhone = "UIInterfaceOrientationPortrait UIInterfaceOrientationLandscapeLeft UIInterfaceOrientationLandscapeRight";
				LD_RUNPATH_SEARCH_PATHS = (
					"$(inherited)",
					"@executable_path/Frameworks",
				);
				MARKETING_VERSION = 1.0;
				PRODUCT_BUNDLE_IDENTIFIER = ekip.Pendu;
				PRODUCT_NAME = "$(TARGET_NAME)";
				SWIFT_EMIT_LOC_STRINGS = YES;
				SWIFT_VERSION = 5.0;
				TARGETED_DEVICE_FAMILY = "1,2";
			};
			name = Debug;
		};
		568048C92CCBF0CB00AA07E7 /* Release */ = {
			isa = XCBuildConfiguration;
			buildSettings = {
				ASSETCATALOG_COMPILER_APPICON_NAME = AppIcon;
				ASSETCATALOG_COMPILER_GLOBAL_ACCENT_COLOR_NAME = AccentColor;
				CODE_SIGN_STYLE = Automatic;
				CURRENT_PROJECT_VERSION = 1;
				GENERATE_INFOPLIST_FILE = YES;
				INFOPLIST_FILE = Pendu/Info.plist;
				INFOPLIST_KEY_UIApplicationSupportsIndirectInputEvents = YES;
				INFOPLIST_KEY_UILaunchStoryboardName = LaunchScreen;
				INFOPLIST_KEY_UIMainStoryboardFile = Main;
				INFOPLIST_KEY_UISupportedInterfaceOrientations_iPad = "UIInterfaceOrientationPortrait UIInterfaceOrientationPortraitUpsideDown UIInterfaceOrientationLandscapeLeft UIInterfaceOrientationLandscapeRight";
				INFOPLIST_KEY_UISupportedInterfaceOrientations_iPhone = "UIInterfaceOrientationPortrait UIInterfaceOrientationLandscapeLeft UIInterfaceOrientationLandscapeRight";
				LD_RUNPATH_SEARCH_PATHS = (
					"$(inherited)",
					"@executable_path/Frameworks",
				);
				MARKETING_VERSION = 1.0;
				PRODUCT_BUNDLE_IDENTIFIER = ekip.Pendu;
				PRODUCT_NAME = "$(TARGET_NAME)";
				SWIFT_EMIT_LOC_STRINGS = YES;
				SWIFT_VERSION = 5.0;
				TARGETED_DEVICE_FAMILY = "1,2";
			};
			name = Release;
		};
		568048CB2CCBF0CB00AA07E7 /* Debug */ = {
			isa = XCBuildConfiguration;
			buildSettings = {
				ALWAYS_EMBED_SWIFT_STANDARD_LIBRARIES = YES;
				BUNDLE_LOADER = "$(TEST_HOST)";
				CODE_SIGN_STYLE = Automatic;
				CURRENT_PROJECT_VERSION = 1;
				GENERATE_INFOPLIST_FILE = YES;
				IPHONEOS_DEPLOYMENT_TARGET = 16.4;
				MARKETING_VERSION = 1.0;
				PRODUCT_BUNDLE_IDENTIFIER = ekip.PenduTests;
				PRODUCT_NAME = "$(TARGET_NAME)";
				SWIFT_EMIT_LOC_STRINGS = NO;
				SWIFT_VERSION = 5.0;
				TARGETED_DEVICE_FAMILY = "1,2";
				TEST_HOST = "$(BUILT_PRODUCTS_DIR)/Pendu.app/$(BUNDLE_EXECUTABLE_FOLDER_PATH)/Pendu";
			};
			name = Debug;
		};
		568048CC2CCBF0CB00AA07E7 /* Release */ = {
			isa = XCBuildConfiguration;
			buildSettings = {
				ALWAYS_EMBED_SWIFT_STANDARD_LIBRARIES = YES;
				BUNDLE_LOADER = "$(TEST_HOST)";
				CODE_SIGN_STYLE = Automatic;
				CURRENT_PROJECT_VERSION = 1;
				GENERATE_INFOPLIST_FILE = YES;
				IPHONEOS_DEPLOYMENT_TARGET = 16.4;
				MARKETING_VERSION = 1.0;
				PRODUCT_BUNDLE_IDENTIFIER = ekip.PenduTests;
				PRODUCT_NAME = "$(TARGET_NAME)";
				SWIFT_EMIT_LOC_STRINGS = NO;
				SWIFT_VERSION = 5.0;
				TARGETED_DEVICE_FAMILY = "1,2";
				TEST_HOST = "$(BUILT_PRODUCTS_DIR)/Pendu.app/$(BUNDLE_EXECUTABLE_FOLDER_PATH)/Pendu";
			};
			name = Release;
		};
		568048CE2CCBF0CB00AA07E7 /* Debug */ = {
			isa = XCBuildConfiguration;
			buildSettings = {
				ALWAYS_EMBED_SWIFT_STANDARD_LIBRARIES = YES;
				CODE_SIGN_STYLE = Automatic;
				CURRENT_PROJECT_VERSION = 1;
				GENERATE_INFOPLIST_FILE = YES;
				MARKETING_VERSION = 1.0;
				PRODUCT_BUNDLE_IDENTIFIER = ekip.PenduUITests;
				PRODUCT_NAME = "$(TARGET_NAME)";
				SWIFT_EMIT_LOC_STRINGS = NO;
				SWIFT_VERSION = 5.0;
				TARGETED_DEVICE_FAMILY = "1,2";
				TEST_TARGET_NAME = Pendu;
			};
			name = Debug;
		};
		568048CF2CCBF0CB00AA07E7 /* Release */ = {
			isa = XCBuildConfiguration;
			buildSettings = {
				ALWAYS_EMBED_SWIFT_STANDARD_LIBRARIES = YES;
				CODE_SIGN_STYLE = Automatic;
				CURRENT_PROJECT_VERSION = 1;
				GENERATE_INFOPLIST_FILE = YES;
				MARKETING_VERSION = 1.0;
				PRODUCT_BUNDLE_IDENTIFIER = ekip.PenduUITests;
				PRODUCT_NAME = "$(TARGET_NAME)";
				SWIFT_EMIT_LOC_STRINGS = NO;
				SWIFT_VERSION = 5.0;
				TARGETED_DEVICE_FAMILY = "1,2";
				TEST_TARGET_NAME = Pendu;
			};
			name = Release;
		};
/* End XCBuildConfiguration section */

/* Begin XCConfigurationList section */
		568048982CCBF0CA00AA07E7 /* Build configuration list for PBXProject "Pendu" */ = {
			isa = XCConfigurationList;
			buildConfigurations = (
				568048C52CCBF0CB00AA07E7 /* Debug */,
				568048C62CCBF0CB00AA07E7 /* Release */,
			);
			defaultConfigurationIsVisible = 0;
			defaultConfigurationName = Release;
		};
		568048C72CCBF0CB00AA07E7 /* Build configuration list for PBXNativeTarget "Pendu" */ = {
			isa = XCConfigurationList;
			buildConfigurations = (
				568048C82CCBF0CB00AA07E7 /* Debug */,
				568048C92CCBF0CB00AA07E7 /* Release */,
			);
			defaultConfigurationIsVisible = 0;
			defaultConfigurationName = Release;
		};
		568048CA2CCBF0CB00AA07E7 /* Build configuration list for PBXNativeTarget "PenduTests" */ = {
			isa = XCConfigurationList;
			buildConfigurations = (
				568048CB2CCBF0CB00AA07E7 /* Debug */,
				568048CC2CCBF0CB00AA07E7 /* Release */,
			);
			defaultConfigurationIsVisible = 0;
			defaultConfigurationName = Release;
		};
		568048CD2CCBF0CB00AA07E7 /* Build configuration list for PBXNativeTarget "PenduUITests" */ = {
			isa = XCConfigurationList;
			buildConfigurations = (
				568048CE2CCBF0CB00AA07E7 /* Debug */,
				568048CF2CCBF0CB00AA07E7 /* Release */,
			);
			defaultConfigurationIsVisible = 0;
			defaultConfigurationName = Release;
		};
/* End XCConfigurationList section */
	};
	rootObject = 568048952CCBF0CA00AA07E7 /* Project object */;
}
